
Microsoft Visual Studio Solution File, Format Version 12.00
# Visual Studio Version 17
VisualStudioVersion = 17.7.34018.315
MinimumVisualStudioVersion = 10.0.40219.1
Project("{FAE04EC0-301F-11D3-BF4B-00C04F79EFBC}") = "Presentacion", "Presentacion\Presentacion.csproj", "{2A22D654-0DE8-4A4D-A012-ED388BA7003F}"
EndProject
Project("{FAE04EC0-301F-11D3-BF4B-00C04F79EFBC}") = "Datos", "Datos\Datos.csproj", "{59FEAA18-E43C-46EB-B811-CCF862CA73BA}"
EndProject
Project("{FAE04EC0-301F-11D3-BF4B-00C04F79EFBC}") = "Logica", "Logica\Logica.csproj", "{33EC1195-5125-440D-9D42-ABF07C5A5C54}"
EndProject
Global
	GlobalSection(SolutionConfigurationPlatforms) = preSolution
		Debug|Any CPU = Debug|Any CPU
		Release|Any CPU = Release|Any CPU
	EndGlobalSection
	GlobalSection(ProjectConfigurationPlatforms) = postSolution
		{2A22D654-0DE8-4A4D-A012-ED388BA7003F}.Debug|Any CPU.ActiveCfg = Debug|Any CPU
		{2A22D654-0DE8-4A4D-A012-ED388BA7003F}.Debug|Any CPU.Build.0 = Debug|Any CPU
		{2A22D654-0DE8-4A4D-A012-ED388BA7003F}.Release|Any CPU.ActiveCfg = Release|Any CPU
		{2A22D654-0DE8-4A4D-A012-ED388BA7003F}.Release|Any CPU.Build.0 = Release|Any CPU
		{59FEAA18-E43C-46EB-B811-CCF862CA73BA}.Debug|Any CPU.ActiveCfg = Debug|Any CPU
		{59FEAA18-E43C-46EB-B811-CCF862CA73BA}.Debug|Any CPU.Build.0 = Debug|Any CPU
		{59FEAA18-E43C-46EB-B811-CCF862CA73BA}.Release|Any CPU.ActiveCfg = Release|Any CPU
		{59FEAA18-E43C-46EB-B811-CCF862CA73BA}.Release|Any CPU.Build.0 = Release|Any CPU
		{33EC1195-5125-440D-9D42-ABF07C5A5C54}.Debug|Any CPU.ActiveCfg = Debug|Any CPU
		{33EC1195-5125-440D-9D42-ABF07C5A5C54}.Debug|Any CPU.Build.0 = Debug|Any CPU
		{33EC1195-5125-440D-9D42-ABF07C5A5C54}.Release|Any CPU.ActiveCfg = Release|Any CPU
		{33EC1195-5125-440D-9D42-ABF07C5A5C54}.Release|Any CPU.Build.0 = Release|Any CPU
	EndGlobalSection
	GlobalSection(SolutionProperties) = preSolution
		HideSolutionNode = FALSE
	EndGlobalSection
	GlobalSection(ExtensibilityGlobals) = postSolution
		SolutionGuid = {9C2569EA-40F1-4FE7-950A-3DE3C03A2384}
	EndGlobalSection
EndGlobal
